
Microsoft Visual Studio Solution File, Format Version 12.00
# Visual Studio Version 17
VisualStudioVersion = 17.2.32505.173
MinimumVisualStudioVersion = 10.0.40219.1
Project("{FAE04EC0-301F-11D3-BF4B-00C04F79EFBC}") = "213032", "213032\213032.csproj", "{1ABA319E-2DEF-4AB1-863D-D278642A66FE}"
EndProject
Global
	GlobalSection(SolutionConfigurationPlatforms) = preSolution
		Debug|Any CPU = Debug|Any CPU
		Release|Any CPU = Release|Any CPU
	EndGlobalSection
	GlobalSection(ProjectConfigurationPlatforms) = postSolution
		{1ABA319E-2DEF-4AB1-863D-D278642A66FE}.Debug|Any CPU.ActiveCfg = Debug|Any CPU
		{1ABA319E-2DEF-4AB1-863D-D278642A66FE}.Debug|Any CPU.Build.0 = Debug|Any CPU
		{1ABA319E-2DEF-4AB1-863D-D278642A66FE}.Release|Any CPU.ActiveCfg = Release|Any CPU
		{1ABA319E-2DEF-4AB1-863D-D278642A66FE}.Release|Any CPU.Build.0 = Release|Any CPU
	EndGlobalSection
	GlobalSection(SolutionProperties) = preSolution
		HideSolutionNode = FALSE
	EndGlobalSection
	GlobalSection(ExtensibilityGlobals) = postSolution
		SolutionGuid = {73724E5F-F442-4B5F-B344-EC41CC00211F}
	EndGlobalSection
EndGlobal
